
Microsoft Visual Studio Solution File, Format Version 12.00
# Visual Studio Version 16
VisualStudioVersion = 16.0.29709.97
MinimumVisualStudioVersion = 10.0.40219.1
Project("{9A19103F-16F7-4668-BE54-9A1E7A4F7556}") = "BtPasswordGenerator", "BtPasswordGenerator\BtPasswordGenerator.csproj", "{7E2D007D-C5B9-43FF-A669-A03724968492}"
EndProject
Project("{FAE04EC0-301F-11D3-BF4B-00C04F79EFBC}") = "PasswordGeneratorTests", "PasswordGeneratorTests\PasswordGeneratorTests.csproj", "{11BDA78F-720E-4D93-9537-4F2F534F9FFD}"
EndProject
Project("{E24C65DC-7377-472B-9ABA-BC803B73C61A}") = "BtWebClient", "BtWebClient\", "{FE335B4C-C8FB-47C3-98C9-942A289C5D13}"
	ProjectSection(WebsiteProperties) = preProject
		TargetFrameworkMoniker = ".NETFramework,Version%3Dv4.0"
		Debug.AspNetCompiler.VirtualPath = "/localhost_63266"
		Debug.AspNetCompiler.PhysicalPath = "BtWebClient\"
		Debug.AspNetCompiler.TargetPath = "PrecompiledWeb\localhost_63266\"
		Debug.AspNetCompiler.Updateable = "true"
		Debug.AspNetCompiler.ForceOverwrite = "true"
		Debug.AspNetCompiler.FixedNames = "false"
		Debug.AspNetCompiler.Debug = "True"
		Release.AspNetCompiler.VirtualPath = "/localhost_63266"
		Release.AspNetCompiler.PhysicalPath = "BtWebClient\"
		Release.AspNetCompiler.TargetPath = "PrecompiledWeb\localhost_63266\"
		Release.AspNetCompiler.Updateable = "true"
		Release.AspNetCompiler.ForceOverwrite = "true"
		Release.AspNetCompiler.FixedNames = "false"
		Release.AspNetCompiler.Debug = "False"
		VWDPort = "63266"
		SlnRelativePath = "BtWebClient\"
	EndProjectSection
EndProject
Global
	GlobalSection(SolutionConfigurationPlatforms) = preSolution
		Debug|Any CPU = Debug|Any CPU
		Release|Any CPU = Release|Any CPU
	EndGlobalSection
	GlobalSection(ProjectConfigurationPlatforms) = postSolution
		{7E2D007D-C5B9-43FF-A669-A03724968492}.Debug|Any CPU.ActiveCfg = Debug|Any CPU
		{7E2D007D-C5B9-43FF-A669-A03724968492}.Debug|Any CPU.Build.0 = Debug|Any CPU
		{7E2D007D-C5B9-43FF-A669-A03724968492}.Release|Any CPU.ActiveCfg = Release|Any CPU
		{7E2D007D-C5B9-43FF-A669-A03724968492}.Release|Any CPU.Build.0 = Release|Any CPU
		{11BDA78F-720E-4D93-9537-4F2F534F9FFD}.Debug|Any CPU.ActiveCfg = Debug|Any CPU
		{11BDA78F-720E-4D93-9537-4F2F534F9FFD}.Debug|Any CPU.Build.0 = Debug|Any CPU
		{11BDA78F-720E-4D93-9537-4F2F534F9FFD}.Release|Any CPU.ActiveCfg = Release|Any CPU
		{11BDA78F-720E-4D93-9537-4F2F534F9FFD}.Release|Any CPU.Build.0 = Release|Any CPU
		{FE335B4C-C8FB-47C3-98C9-942A289C5D13}.Debug|Any CPU.ActiveCfg = Debug|Any CPU
		{FE335B4C-C8FB-47C3-98C9-942A289C5D13}.Debug|Any CPU.Build.0 = Debug|Any CPU
		{FE335B4C-C8FB-47C3-98C9-942A289C5D13}.Release|Any CPU.ActiveCfg = Debug|Any CPU
		{FE335B4C-C8FB-47C3-98C9-942A289C5D13}.Release|Any CPU.Build.0 = Debug|Any CPU
	EndGlobalSection
	GlobalSection(SolutionProperties) = preSolution
		HideSolutionNode = FALSE
	EndGlobalSection
	GlobalSection(ExtensibilityGlobals) = postSolution
		SolutionGuid = {EF311811-FE5A-4486-B682-5EA46F6F2259}
	EndGlobalSection
EndGlobal
